Microsoft Visual Studio Solution File, Format Version 12.00
# Visual Studio Version 17
VisualStudioVersion = 17.5.2.0
MinimumVisualStudioVersion = 10.0.40219.1
Project("{FAE04EC0-301F-11D3-BF4B-00C04F79EFBC}") = "MCommunityWeb", "MCommunityWeb\MCommunityWeb.csproj", "{35DF9847-9B31-70C2-099D-83E9BEFF9381}"
EndProject
Global
	GlobalSection(SolutionConfigurationPlatforms) = preSolution
		Debug|Any CPU = Debug|Any CPU
		Release|Any CPU = Release|Any CPU
	EndGlobalSection
	GlobalSection(ProjectConfigurationPlatforms) = postSolution
		{35DF9847-9B31-70C2-099D-83E9BEFF9381}.Debug|Any CPU.ActiveCfg = Debug|Any CPU
		{35DF9847-9B31-70C2-099D-83E9BEFF9381}.Debug|Any CPU.Build.0 = Debug|Any CPU
		{35DF9847-9B31-70C2-099D-83E9BEFF9381}.Release|Any CPU.ActiveCfg = Release|Any CPU
		{35DF9847-9B31-70C2-099D-83E9BEFF9381}.Release|Any CPU.Build.0 = Release|Any CPU
	EndGlobalSection
	GlobalSection(SolutionProperties) = preSolution
		HideSolutionNode = FALSE
	EndGlobalSection
	GlobalSection(ExtensibilityGlobals) = postSolution
		SolutionGuid = {1A523B8A-9717-4487-9D69-5EB6F2975B60}
	EndGlobalSection
EndGlobal
